<?xml version="1.0" encoding="utf-8"?>
<Project ToolsVersion="4.0" xmlns="http://schemas.microsoft.com/developer/msbuild/2003">
  <ItemGroup>
    <Filter Include="Source Files">
      <UniqueIdentifier>{4FC737F1-C7A5-4376-A066-2A32D752A2FF}</UniqueIdentifier>
      <Extensions>cpp;c;cc;cxx;c++;cppm;ixx;def;odl;idl;hpj;bat;asm;asmx</Extensions>
    </Filter>
    <Filter Include="Header Files">
      <UniqueIdentifier>{93995380-89BD-4b04-88EB-625FBE52EBFB}</UniqueIdentifier>
      <Extensions>h;hh;hpp;hxx;h++;hm;inl;inc;ipp;xsd</Extensions>
    </Filter>
    <Filter Include="Resource Files">
      <UniqueIdentifier>{67DA6AB6-F800-4c08-8B7A-83BB121AAD01}</UniqueIdentifier>
      <Extensions>rc;ico;cur;bmp;dlg;rc2;rct;bin;rgs;gif;jpg;jpeg;jpe;resx;tiff;tif;png;wav;mfcribbon-ms</Extensions>
    </Filter>
    <Filter Include="Resource Files\Dependencies">
      <UniqueIdentifier>{04deaf7a-3a13-4506-9b18-5977720c44e3}</UniqueIdentifier>
    </Filter>
    <Filter Include="Source Files\Graphics">
      <UniqueIdentifier>{35a7e640-8f31-4a78-a38b-d46cc43733a2}</UniqueIdentifier>
    </Filter>
    <Filter Include="Header Files\Graphics">
      <UniqueIdentifier>{7f49dced-82c0-4a87-bf3a-ece494e840b0}</UniqueIdentifier>
    </Filter>
    <Filter Include="Source Files\System">
      <UniqueIdentifier>{f090bd25-2c21-485f-b113-6b67a6bf51fc}</UniqueIdentifier>
    </Filter>
    <Filter Include="Header Files\System">
      <UniqueIdentifier>{ffeda332-4205-4ba4-b726-4915d33acee3}</UniqueIdentifier>
    </Filter>
  </ItemGroup>
  <ItemGroup>
    <ClCompile Include="Main.cpp">
      <Filter>Source Files</Filter>
    </ClCompile>
    <ClCompile Include="Window.cpp">
      <Filter>Source Files</Filter>
    </ClCompile>
    <ClCompile Include="Source Files\Misc.cpp">
      <Filter>Source Files</Filter>
    </ClCompile>
    <ClCompile Include="Graphics\Source Files\Shape2D.cpp">
      <Filter>Source Files\Graphics</Filter>
    </ClCompile>
    <ClCompile Include="Graphics\Color.cpp">
      <Filter>Source Files\System</Filter>
    </ClCompile>
    <ClCompile Include="Graphics\Vector.cpp">
      <Filter>Source Files\System</Filter>
    </ClCompile>
    <ClCompile Include="Graphics\View.cpp">
      <Filter>Source Files\System</Filter>
    </ClCompile>
    <ClCompile Include="Graphics\Rect.cpp">
      <Filter>Source Files\System</Filter>
    </ClCompile>
  </ItemGroup>
  <ItemGroup>
    <ClInclude Include="Window.h">
      <Filter>Header Files</Filter>
    </ClInclude>
    <ClInclude Include="Dependencies\json.hpp">
      <Filter>Resource Files\Dependencies</Filter>
    </ClInclude>
    <ClInclude Include="Headers\Misc.h">
      <Filter>Header Files</Filter>
    </ClInclude>
    <ClInclude Include="Graphics\Headers\Shape2D.h">
      <Filter>Header Files\Graphics</Filter>
    </ClInclude>
    <ClInclude Include="Graphics\Color.h">
      <Filter>Header Files\System</Filter>
    </ClInclude>
    <ClInclude Include="Graphics\Vector.h">
      <Filter>Header Files\System</Filter>
    </ClInclude>
    <ClInclude Include="Graphics\View.h">
      <Filter>Header Files\System</Filter>
    </ClInclude>
    <ClInclude Include="Graphics\Rect.h">
      <Filter>Header Files\System</Filter>
    </ClInclude>
  </ItemGroup>
  <ItemGroup>
    <None Include="Info\Game Settings.json">
      <Filter>Resource Files</Filter>
    </None>
    <None Include="Info\Controls.json">
      <Filter>Resource Files</Filter>
    </None>
    <None Include="Info\README.md">
      <Filter>Resource Files</Filter>
    </None>
  </ItemGroup>
  <ItemGroup>
    <Text Include="Info\Control Layout.txt">
      <Filter>Resource Files</Filter>
    </Text>
  </ItemGroup>
</Project>